// !$*UTF8*$!
{
	archiveVersion = 1;
	classes = {
	};
	objectVersion = 50;
	objects = {

/* Begin PBXBuildFile section */
		38F84EBDAF6618FF35829E8B /* Pods_Todoey.framework in Frameworks */ = {isa = PBXBuildFile; fileRef = 8C67D78B65FE93517C867D29 /* Pods_Todoey.framework */; };
		450A5033223BBD62000A2594 /* Item.swift in Sources */ = {isa = PBXBuildFile; fileRef = 450A5032223BBD62000A2594 /* Item.swift */; };
		450A5035223BBD6F000A2594 /* Category.swift in Sources */ = {isa = PBXBuildFile; fileRef = 450A5034223BBD6F000A2594 /* Category.swift */; };
		4565C2C02229250F0031E366 /* AppDelegate.swift in Sources */ = {isa = PBXBuildFile; fileRef = 4565C2BF2229250F0031E366 /* AppDelegate.swift */; };
		4565C2C22229250F0031E366 /* TodoListViewController.swift in Sources */ = {isa = PBXBuildFile; fileRef = 4565C2C12229250F0031E366 /* TodoListViewController.swift */; };
		4565C2C52229250F0031E366 /* Main.storyboard in Resources */ = {isa = PBXBuildFile; fileRef = 4565C2C32229250F0031E366 /* Main.storyboard */; };
		4565C2C7222925100031E366 /* Assets.xcassets in Resources */ = {isa = PBXBuildFile; fileRef = 4565C2C6222925100031E366 /* Assets.xcassets */; };
		4565C2CA222925100031E366 /* LaunchScreen.storyboard in Resources */ = {isa = PBXBuildFile; fileRef = 4565C2C8222925100031E366 /* LaunchScreen.storyboard */; };
		4596605A222DC15E00D7C365 /* UIColorHEX.swift in Sources */ = {isa = PBXBuildFile; fileRef = 45966059222DC15E00D7C365 /* UIColorHEX.swift */; };
		4596605C222E933100D7C365 /* CategoryViewController.swift in Sources */ = {isa = PBXBuildFile; fileRef = 4596605B222E933100D7C365 /* CategoryViewController.swift */; };
/* End PBXBuildFile section */

/* Begin PBXFileReference section */
		450A5032223BBD62000A2594 /* Item.swift */ = {isa = PBXFileReference; lastKnownFileType = sourcecode.swift; path = Item.swift; sourceTree = "<group>"; };
		450A5034223BBD6F000A2594 /* Category.swift */ = {isa = PBXFileReference; lastKnownFileType = sourcecode.swift; path = Category.swift; sourceTree = "<group>"; };
		4565C2BC2229250F0031E366 /* Todoey.app */ = {isa = PBXFileReference; explicitFileType = wrapper.application; includeInIndex = 0; path = Todoey.app; sourceTree = BUILT_PRODUCTS_DIR; };
		4565C2BF2229250F0031E366 /* AppDelegate.swift */ = {isa = PBXFileReference; lastKnownFileType = sourcecode.swift; path = AppDelegate.swift; sourceTree = "<group>"; };
		4565C2C12229250F0031E366 /* TodoListViewController.swift */ = {isa = PBXFileReference; lastKnownFileType = sourcecode.swift; path = TodoListViewController.swift; sourceTree = "<group>"; };
		4565C2C42229250F0031E366 /* Base */ = {isa = PBXFileReference; lastKnownFileType = file.storyboard; name = Base; path = Base.lproj/Main.storyboard; sourceTree = "<group>"; };
		4565C2C6222925100031E366 /* Assets.xcassets */ = {isa = PBXFileReference; lastKnownFileType = folder.assetcatalog; path = Assets.xcassets; sourceTree = "<group>"; };
		4565C2C9222925100031E366 /* Base */ = {isa = PBXFileReference; lastKnownFileType = file.storyboard; name = Base; path = Base.lproj/LaunchScreen.storyboard; sourceTree = "<group>"; };
		4565C2CB222925100031E366 /* Info.plist */ = {isa = PBXFileReference; lastKnownFileType = text.plist.xml; path = Info.plist; sourceTree = "<group>"; };
		45966059222DC15E00D7C365 /* UIColorHEX.swift */ = {isa = PBXFileReference; lastKnownFileType = sourcecode.swift; path = UIColorHEX.swift; sourceTree = "<group>"; };
		4596605B222E933100D7C365 /* CategoryViewController.swift */ = {isa = PBXFileReference; lastKnownFileType = sourcecode.swift; path = CategoryViewController.swift; sourceTree = "<group>"; };
		8C67D78B65FE93517C867D29 /* Pods_Todoey.framework */ = {isa = PBXFileReference; explicitFileType = wrapper.framework; includeInIndex = 0; path = Pods_Todoey.framework; sourceTree = BUILT_PRODUCTS_DIR; };
		ED6800AD205F6EEB96D63A81 /* Pods-Todoey.release.xcconfig */ = {isa = PBXFileReference; includeInIndex = 1; lastKnownFileType = text.xcconfig; name = "Pods-Todoey.release.xcconfig"; path = "Target Support Files/Pods-Todoey/Pods-Todoey.release.xcconfig"; sourceTree = "<group>"; };
		F0F6F19BBAE7725B187DA32C /* Pods-Todoey.debug.xcconfig */ = {isa = PBXFileReference; includeInIndex = 1; lastKnownFileType = text.xcconfig; name = "Pods-Todoey.debug.xcconfig"; path = "Target Support Files/Pods-Todoey/Pods-Todoey.debug.xcconfig"; sourceTree = "<group>"; };
/* End PBXFileReference section */

/* Begin PBXFrameworksBuildPhase section */
		4565C2B92229250F0031E366 /* Frameworks */ = {
			isa = PBXFrameworksBuildPhase;
			buildActionMask = 2147483647;
			files = (
				38F84EBDAF6618FF35829E8B /* Pods_Todoey.framework in Frameworks */,
			);
			runOnlyForDeploymentPostprocessing = 0;
		};
/* End PBXFrameworksBuildPhase section */

/* Begin PBXGroup section */
		4529A89F222AA92C0068860D /* Data Model */ = {
			isa = PBXGroup;
			children = (
				450A5034223BBD6F000A2594 /* Category.swift */,
				450A5032223BBD62000A2594 /* Item.swift */,
			);
			path = "Data Model";
			sourceTree = "<group>";
		};
		4529A8A0222AA94C0068860D /* Controllers */ = {
			isa = PBXGroup;
			children = (
				4596605B222E933100D7C365 /* CategoryViewController.swift */,
				4565C2C12229250F0031E366 /* TodoListViewController.swift */,
			);
			path = Controllers;
			sourceTree = "<group>";
		};
		4529A8A1222AA9660068860D /* Views */ = {
			isa = PBXGroup;
			children = (
				4565C2C32229250F0031E366 /* Main.storyboard */,
			);
			path = Views;
			sourceTree = "<group>";
		};
		4529A8A2222AA98D0068860D /* Supporting files */ = {
			isa = PBXGroup;
			children = (
				4565C2C6222925100031E366 /* Assets.xcassets */,
				4565C2C8222925100031E366 /* LaunchScreen.storyboard */,
			);
			path = "Supporting files";
			sourceTree = "<group>";
		};
		4565C2B32229250F0031E366 = {
			isa = PBXGroup;
			children = (
				4565C2BE2229250F0031E366 /* Todoey */,
				4565C2BD2229250F0031E366 /* Products */,
				593C3BC0989EDB4645753BD0 /* Pods */,
				8C7656B875D4AF52D684ADDB /* Frameworks */,
			);
			sourceTree = "<group>";
		};
		4565C2BD2229250F0031E366 /* Products */ = {
			isa = PBXGroup;
			children = (
				4565C2BC2229250F0031E366 /* Todoey.app */,
			);
			name = Products;
			sourceTree = "<group>";
		};
		4565C2BE2229250F0031E366 /* Todoey */ = {
			isa = PBXGroup;
			children = (
				4565C2BF2229250F0031E366 /* AppDelegate.swift */,
				45966059222DC15E00D7C365 /* UIColorHEX.swift */,
				4529A89F222AA92C0068860D /* Data Model */,
				4529A8A0222AA94C0068860D /* Controllers */,
				4529A8A1222AA9660068860D /* Views */,
				4529A8A2222AA98D0068860D /* Supporting files */,
				4565C2CB222925100031E366 /* Info.plist */,
			);
			path = Todoey;
			sourceTree = "<group>";
		};
		593C3BC0989EDB4645753BD0 /* Pods */ = {
			isa = PBXGroup;
			children = (
				F0F6F19BBAE7725B187DA32C /* Pods-Todoey.debug.xcconfig */,
				ED6800AD205F6EEB96D63A81 /* Pods-Todoey.release.xcconfig */,
			);
			path = Pods;
			sourceTree = "<group>";
		};
		8C7656B875D4AF52D684ADDB /* Frameworks */ = {
			isa = PBXGroup;
			children = (
				8C67D78B65FE93517C867D29 /* Pods_Todoey.framework */,
			);
			name = Frameworks;
			sourceTree = "<group>";
		};
/* End PBXGroup section */

/* Begin PBXNativeTarget section */
		4565C2BB2229250F0031E366 /* Todoey */ = {
			isa = PBXNativeTarget;
			buildConfigurationList = 4565C2CE222925100031E366 /* Build configuration list for PBXNativeTarget "Todoey" */;
			buildPhases = (
				3EB6F9B64D26F2E1B388AD6E /* [CP] Check Pods Manifest.lock */,
				4565C2B82229250F0031E366 /* Sources */,
				4565C2B92229250F0031E366 /* Frameworks */,
				4565C2BA2229250F0031E366 /* Resources */,
				D75C09F6BF35B369D4F42C6B /* [CP] Embed Pods Frameworks */,
			);
			buildRules = (
			);
			dependencies = (
			);
			name = Todoey;
			productName = Todoey;
			productReference = 4565C2BC2229250F0031E366 /* Todoey.app */;
			productType = "com.apple.product-type.application";
		};
/* End PBXNativeTarget section */

/* Begin PBXProject section */
		4565C2B42229250F0031E366 /* Project object */ = {
			isa = PBXProject;
			attributes = {
				LastSwiftUpdateCheck = 1010;
				LastUpgradeCheck = 1010;
				ORGANIZATIONNAME = "Max Zhelezniakov";
				TargetAttributes = {
					4565C2BB2229250F0031E366 = {
						CreatedOnToolsVersion = 10.1;
					};
				};
			};
			buildConfigurationList = 4565C2B72229250F0031E366 /* Build configuration list for PBXProject "Todoey" */;
			compatibilityVersion = "Xcode 9.3";
			developmentRegion = en;
			hasScannedForEncodings = 0;
			knownRegions = (
				en,
				Base,
			);
			mainGroup = 4565C2B32229250F0031E366;
			productRefGroup = 4565C2BD2229250F0031E366 /* Products */;
			projectDirPath = "";
			projectRoot = "";
			targets = (
				4565C2BB2229250F0031E366 /* Todoey */,
			);
		};
/* End PBXProject section */

/* Begin PBXResourcesBuildPhase section */
		4565C2BA2229250F0031E366 /* Resources */ = {
			isa = PBXResourcesBuildPhase;
			buildActionMask = 2147483647;
			files = (
				4565C2CA222925100031E366 /* LaunchScreen.storyboard in Resources */,
				4565C2C7222925100031E366 /* Assets.xcassets in Resources */,
				4565C2C52229250F0031E366 /* Main.storyboard in Resources */,
			);
			runOnlyForDeploymentPostprocessing = 0;
		};
/* End PBXResourcesBuildPhase section */

/* Begin PBXShellScriptBuildPhase section */
		3EB6F9B64D26F2E1B388AD6E /* [CP] Check Pods Manifest.lock */ = {
			isa = PBXShellScriptBuildPhase;
			buildActionMask = 2147483647;
			files = (
			);
			inputFileListPaths = (
			);
			inputPaths = (
				"${PODS_PODFILE_DIR_PATH}/Podfile.lock",
				"${PODS_ROOT}/Manifest.lock",
			);
			name = "[CP] Check Pods Manifest.lock";
			outputFileListPaths = (
			);
			outputPaths = (
				"$(DERIVED_FILE_DIR)/Pods-Todoey-checkManifestLockResult.txt",
			);
			runOnlyForDeploymentPostprocessing = 0;
			shellPath = /bin/sh;
			shellScript = "diff \"${PODS_PODFILE_DIR_PATH}/Podfile.lock\" \"${PODS_ROOT}/Manifest.lock\" > /dev/null\nif [ $? != 0 ] ; then\n    # print error to STDERR\n    echo \"error: The sandbox is not in sync with the Podfile.lock. Run 'pod install' or update your CocoaPods installation.\" >&2\n    exit 1\nfi\n# This output is used by Xcode 'outputs' to avoid re-running this script phase.\necho \"SUCCESS\" > \"${SCRIPT_OUTPUT_FILE_0}\"\n";
			showEnvVarsInLog = 0;
		};
		D75C09F6BF35B369D4F42C6B /* [CP] Embed Pods Frameworks */ = {
			isa = PBXShellScriptBuildPhase;
			buildActionMask = 2147483647;
			files = (
			);
			inputFileListPaths = (
			);
			inputPaths = (
				"${PODS_ROOT}/Target Support Files/Pods-Todoey/Pods-Todoey-frameworks.sh",
				"${BUILT_PRODUCTS_DIR}/Realm/Realm.framework",
				"${BUILT_PRODUCTS_DIR}/RealmSwift/RealmSwift.framework",
			);
			name = "[CP] Embed Pods Frameworks";
			outputFileListPaths = (
			);
			outputPaths = (
				"${TARGET_BUILD_DIR}/${FRAMEWORKS_FOLDER_PATH}/Realm.framework",
				"${TARGET_BUILD_DIR}/${FRAMEWORKS_FOLDER_PATH}/RealmSwift.framework",
			);
			runOnlyForDeploymentPostprocessing = 0;
			shellPath = /bin/sh;
			shellScript = "\"${PODS_ROOT}/Target Support Files/Pods-Todoey/Pods-Todoey-frameworks.sh\"\n";
			showEnvVarsInLog = 0;
		};
/* End PBXShellScriptBuildPhase section */

/* Begin PBXSourcesBuildPhase section */
		4565C2B82229250F0031E366 /* Sources */ = {
			isa = PBXSourcesBuildPhase;
			buildActionMask = 2147483647;
			files = (
				4596605C222E933100D7C365 /* CategoryViewController.swift in Sources */,
				4565C2C22229250F0031E366 /* TodoListViewController.swift in Sources */,
				4596605A222DC15E00D7C365 /* UIColorHEX.swift in Sources */,
				450A5033223BBD62000A2594 /* Item.swift in Sources */,
				4565C2C02229250F0031E366 /* AppDelegate.swift in Sources */,
				450A5035223BBD6F000A2594 /* Category.swift in Sources */,
			);
			runOnlyForDeploymentPostprocessing = 0;
		};
/* End PBXSourcesBuildPhase section */

/* Begin PBXVariantGroup section */
		4565C2C32229250F0031E366 /* Main.storyboard */ = {
			isa = PBXVariantGroup;
			children = (
				4565C2C42229250F0031E366 /* Base */,
			);
			name = Main.storyboard;
			sourceTree = "<group>";
		};
		4565C2C8222925100031E366 /* LaunchScreen.storyboard */ = {
			isa = PBXVariantGroup;
			children = (
				4565C2C9222925100031E366 /* Base */,
			);
			name = LaunchScreen.storyboard;
			sourceTree = "<group>";
		};
/* End PBXVariantGroup section */

/* Begin XCBuildConfiguration section */
		4565C2CC222925100031E366 /* Debug */ = {
			isa = XCBuildConfiguration;
			buildSettings = {
				ALWAYS_SEARCH_USER_PATHS = NO;
				CLANG_ANALYZER_NONNULL = YES;
				CLANG_ANALYZER_NUMBER_OBJECT_CONVERSION = YES_AGGRESSIVE;
				CLANG_CXX_LANGUAGE_STANDARD = "gnu++14";
				CLANG_CXX_LIBRARY = "libc++";
				CLANG_ENABLE_MODULES = YES;
				CLANG_ENABLE_OBJC_ARC = YES;
				CLANG_ENABLE_OBJC_WEAK = YES;
				CLANG_WARN_BLOCK_CAPTURE_AUTORELEASING = YES;
				CLANG_WARN_BOOL_CONVERSION = YES;
				CLANG_WARN_COMMA = YES;
				CLANG_WARN_CONSTANT_CONVERSION = YES;
				CLANG_WARN_DEPRECATED_OBJC_IMPLEMENTATIONS = YES;
				CLANG_WARN_DIRECT_OBJC_ISA_USAGE = YES_ERROR;
				CLANG_WARN_DOCUMENTATION_COMMENTS = YES;
				CLANG_WARN_EMPTY_BODY = YES;
				CLANG_WARN_ENUM_CONVERSION = YES;
				CLANG_WARN_INFINITE_RECURSION = YES;
				CLANG_WARN_INT_CONVERSION = YES;
				CLANG_WARN_NON_LITERAL_NULL_CONVERSION = YES;
				CLANG_WARN_OBJC_IMPLICIT_RETAIN_SELF = YES;
				CLANG_WARN_OBJC_LITERAL_CONVERSION = YES;
				CLANG_WARN_OBJC_ROOT_CLASS = YES_ERROR;
				CLANG_WARN_RANGE_LOOP_ANALYSIS = YES;
				CLANG_WARN_STRICT_PROTOTYPES = YES;
				CLANG_WARN_SUSPICIOUS_MOVE = YES;
				CLANG_WARN_UNGUARDED_AVAILABILITY = YES_AGGRESSIVE;
				CLANG_WARN_UNREACHABLE_CODE = YES;
				CLANG_WARN__DUPLICATE_METHOD_MATCH = YES;
				CODE_SIGN_IDENTITY = "iPhone Developer";
				COPY_PHASE_STRIP = NO;
				DEBUG_INFORMATION_FORMAT = dwarf;
				ENABLE_STRICT_OBJC_MSGSEND = YES;
				ENABLE_TESTABILITY = YES;
				GCC_C_LANGUAGE_STANDARD = gnu11;
				GCC_DYNAMIC_NO_PIC = NO;
				GCC_NO_COMMON_BLOCKS = YES;
				GCC_OPTIMIZATION_LEVEL = 0;
				GCC_PREPROCESSOR_DEFINITIONS = (
					"DEBUG=1",
					"$(inherited)",
				);
				GCC_WARN_64_TO_32_BIT_CONVERSION = YES;
				GCC_WARN_ABOUT_RETURN_TYPE = YES_ERROR;
				GCC_WARN_UNDECLARED_SELECTOR = YES;
				GCC_WARN_UNINITIALIZED_AUTOS = YES_AGGRESSIVE;
				GCC_WARN_UNUSED_FUNCTION = YES;
				GCC_WARN_UNUSED_VARIABLE = YES;
				IPHONEOS_DEPLOYMENT_TARGET = 12.1;
				MTL_ENABLE_DEBUG_INFO = INCLUDE_SOURCE;
				MTL_FAST_MATH = YES;
				ONLY_ACTIVE_ARCH = YES;
				SDKROOT = iphoneos;
				SWIFT_ACTIVE_COMPILATION_CONDITIONS = DEBUG;
				SWIFT_OPTIMIZATION_LEVEL = "-Onone";
			};
			name = Debug;
		};
		4565C2CD222925100031E366 /* Release */ = {
			isa = XCBuildConfiguration;
			buildSettings = {
				ALWAYS_SEARCH_USER_PATHS = NO;
				CLANG_ANALYZER_NONNULL = YES;
				CLANG_ANALYZER_NUMBER_OBJECT_CONVERSION = YES_AGGRESSIVE;
				CLANG_CXX_LANGUAGE_STANDARD = "gnu++14";
				CLANG_CXX_LIBRARY = "libc++";
				CLANG_ENABLE_MODULES = YES;
				CLANG_ENABLE_OBJC_ARC = YES;
				CLANG_ENABLE_OBJC_WEAK = YES;
				CLANG_WARN_BLOCK_CAPTURE_AUTORELEASING = YES;
				CLANG_WARN_BOOL_CONVERSION = YES;
				CLANG_WARN_COMMA = YES;
				CLANG_WARN_CONSTANT_CONVERSION = YES;
				CLANG_WARN_DEPRECATED_OBJC_IMPLEMENTATIONS = YES;
				CLANG_WARN_DIRECT_OBJC_ISA_USAGE = YES_ERROR;
				CLANG_WARN_DOCUMENTATION_COMMENTS = YES;
				CLANG_WARN_EMPTY_BODY = YES;
				CLANG_WARN_ENUM_CONVERSION = YES;
				CLANG_WARN_INFINITE_RECURSION = YES;
				CLANG_WARN_INT_CONVERSION = YES;
				CLANG_WARN_NON_LITERAL_NULL_CONVERSION = YES;
				CLANG_WARN_OBJC_IMPLICIT_RETAIN_SELF = YES;
				CLANG_WARN_OBJC_LITERAL_CONVERSION = YES;
				CLANG_WARN_OBJC_ROOT_CLASS = YES_ERROR;
				CLANG_WARN_RANGE_LOOP_ANALYSIS = YES;
				CLANG_WARN_STRICT_PROTOTYPES = YES;
				CLANG_WARN_SUSPICIOUS_MOVE = YES;
				CLANG_WARN_UNGUARDED_AVAILABILITY = YES_AGGRESSIVE;
				CLANG_WARN_UNREACHABLE_CODE = YES;
				CLANG_WARN__DUPLICATE_METHOD_MATCH = YES;
				CODE_SIGN_IDENTITY = "iPhone Developer";
				COPY_PHASE_STRIP = NO;
				DEBUG_INFORMATION_FORMAT = "dwarf-with-dsym";
				ENABLE_NS_ASSERTIONS = NO;
				ENABLE_STRICT_OBJC_MSGSEND = YES;
				GCC_C_LANGUAGE_STANDARD = gnu11;
				GCC_NO_COMMON_BLOCKS = YES;
				GCC_WARN_64_TO_32_BIT_CONVERSION = YES;
				GCC_WARN_ABOUT_RETURN_TYPE = YES_ERROR;
				GCC_WARN_UNDECLARED_SELECTOR = YES;
				GCC_WARN_UNINITIALIZED_AUTOS = YES_AGGRESSIVE;
				GCC_WARN_UNUSED_FUNCTION = YES;
				GCC_WARN_UNUSED_VARIABLE = YES;
				IPHONEOS_DEPLOYMENT_TARGET = 12.1;
				MTL_ENABLE_DEBUG_INFO = NO;
				MTL_FAST_MATH = YES;
				SDKROOT = iphoneos;
				SWIFT_COMPILATION_MODE = wholemodule;
				SWIFT_OPTIMIZATION_LEVEL = "-O";
				VALIDATE_PRODUCT = YES;
			};
			name = Release;
		};
		4565C2CF222925100031E366 /* Debug */ = {
			isa = XCBuildConfiguration;
			baseConfigurationReference = F0F6F19BBAE7725B187DA32C /* Pods-Todoey.debug.xcconfig */;
			buildSettings = {
				ASSETCATALOG_COMPILER_APPICON_NAME = AppIcon;
				CODE_SIGN_STYLE = Automatic;
				DEVELOPMENT_TEAM = 34AAM5LZQW;
				INFOPLIST_FILE = Todoey/Info.plist;
				LD_RUNPATH_SEARCH_PATHS = (
					"$(inherited)",
					"@executable_path/Frameworks",
				);
				PRODUCT_BUNDLE_IDENTIFIER = com.jemsru.Todoey;
				PRODUCT_NAME = "$(TARGET_NAME)";
				SWIFT_VERSION = 4.2;
				TARGETED_DEVICE_FAMILY = "1,2";
			};
			name = Debug;
		};
		4565C2D0222925100031E366 /* Release */ = {
			isa = XCBuildConfiguration;
			baseConfigurationReference = ED6800AD205F6EEB96D63A81 /* Pods-Todoey.release.xcconfig */;
			buildSettings = {
				ASSETCATALOG_COMPILER_APPICON_NAME = AppIcon;
				CODE_SIGN_STYLE = Automatic;
				DEVELOPMENT_TEAM = 34AAM5LZQW;
				INFOPLIST_FILE = Todoey/Info.plist;
				LD_RUNPATH_SEARCH_PATHS = (
					"$(inherited)",
					"@executable_path/Frameworks",
				);
				PRODUCT_BUNDLE_IDENTIFIER = com.jemsru.Todoey;
				PRODUCT_NAME = "$(TARGET_NAME)";
				SWIFT_VERSION = 4.2;
				TARGETED_DEVICE_FAMILY = "1,2";
			};
			name = Release;
		};
/* End XCBuildConfiguration section */

/* Begin XCConfigurationList section */
		4565C2B72229250F0031E366 /* Build configuration list for PBXProject "Todoey" */ = {
			isa = XCConfigurationList;
			buildConfigurations = (
				4565C2CC222925100031E366 /* Debug */,
				4565C2CD222925100031E366 /* Release */,
			);
			defaultConfigurationIsVisible = 0;
			defaultConfigurationName = Release;
		};
		4565C2CE222925100031E366 /* Build configuration list for PBXNativeTarget "Todoey" */ = {
			isa = XCConfigurationList;
			buildConfigurations = (
				4565C2CF222925100031E366 /* Debug */,
				4565C2D0222925100031E366 /* Release */,
			);
			defaultConfigurationIsVisible = 0;
			defaultConfigurationName = Release;
		};
/* End XCConfigurationList section */
	};
	rootObject = 4565C2B42229250F0031E366 /* Project object */;
}
